
Microsoft Visual Studio Solution File, Format Version 12.00
# Visual Studio Version 17
VisualStudioVersion = 17.14.36310.24 d17.14
MinimumVisualStudioVersion = 10.0.40219.1
Project("{FAE04EC0-301F-11D3-BF4B-00C04F79EFBC}") = "CA_CodeFirst_Restoran", "CA_CodeFirst_Restoran\CA_CodeFirst_Restoran.csproj", "{02E13A82-F724-408D-96E4-70F353F94CBC}"
EndProject
Global
	GlobalSection(SolutionConfigurationPlatforms) = preSolution
		Debug|Any CPU = Debug|Any CPU
		Release|Any CPU = Release|Any CPU
	EndGlobalSection
	GlobalSection(ProjectConfigurationPlatforms) = postSolution
		{02E13A82-F724-408D-96E4-70F353F94CBC}.Debug|Any CPU.ActiveCfg = Debug|Any CPU
		{02E13A82-F724-408D-96E4-70F353F94CBC}.Debug|Any CPU.Build.0 = Debug|Any CPU
		{02E13A82-F724-408D-96E4-70F353F94CBC}.Release|Any CPU.ActiveCfg = Release|Any CPU
		{02E13A82-F724-408D-96E4-70F353F94CBC}.Release|Any CPU.Build.0 = Release|Any CPU
	EndGlobalSection
	GlobalSection(SolutionProperties) = preSolution
		HideSolutionNode = FALSE
	EndGlobalSection
	GlobalSection(ExtensibilityGlobals) = postSolution
		SolutionGuid = {D1650AF4-C7D6-43BE-AC8E-C3328B24BB13}
	EndGlobalSection
EndGlobal
